
Microsoft Visual Studio Solution File, Format Version 12.00
# Visual Studio Version 17
VisualStudioVersion = 17.7.34031.279
MinimumVisualStudioVersion = 10.0.40219.1
Project("{FAE04EC0-301F-11D3-BF4B-00C04F79EFBC}") = "exam preparation 1", "exam preparation 1\exam preparation 1.csproj", "{1432EEC2-18C1-4F55-BFD6-C6065F62DB24}"
EndProject
Project("{FAE04EC0-301F-11D3-BF4B-00C04F79EFBC}") = "change tailes", "change tailes\change tailes.csproj", "{02FBDDF0-43DB-431C-AA3A-E0FC759E376F}"
EndProject
Project("{FAE04EC0-301F-11D3-BF4B-00C04F79EFBC}") = "money", "money\money.csproj", "{94CEB89E-02CE-4D76-B515-BDDE56FAE6C0}"
EndProject
Project("{FAE04EC0-301F-11D3-BF4B-00C04F79EFBC}") = "daily profit", "daily profit\daily profit.csproj", "{19A605F8-3933-441C-9120-B4F4D9E4CE69}"
EndProject
Project("{FAE04EC0-301F-11D3-BF4B-00C04F79EFBC}") = "class room", "class room\class room.csproj", "{22FE9FBE-4A29-41A1-8157-F632D7E36047}"
EndProject
Global
	GlobalSection(SolutionConfigurationPlatforms) = preSolution
		Debug|Any CPU = Debug|Any CPU
		Release|Any CPU = Release|Any CPU
	EndGlobalSection
	GlobalSection(ProjectConfigurationPlatforms) = postSolution
		{1432EEC2-18C1-4F55-BFD6-C6065F62DB24}.Debug|Any CPU.ActiveCfg = Debug|Any CPU
		{1432EEC2-18C1-4F55-BFD6-C6065F62DB24}.Debug|Any CPU.Build.0 = Debug|Any CPU
		{1432EEC2-18C1-4F55-BFD6-C6065F62DB24}.Release|Any CPU.ActiveCfg = Release|Any CPU
		{1432EEC2-18C1-4F55-BFD6-C6065F62DB24}.Release|Any CPU.Build.0 = Release|Any CPU
		{02FBDDF0-43DB-431C-AA3A-E0FC759E376F}.Debug|Any CPU.ActiveCfg = Debug|Any CPU
		{02FBDDF0-43DB-431C-AA3A-E0FC759E376F}.Debug|Any CPU.Build.0 = Debug|Any CPU
		{02FBDDF0-43DB-431C-AA3A-E0FC759E376F}.Release|Any CPU.ActiveCfg = Release|Any CPU
		{02FBDDF0-43DB-431C-AA3A-E0FC759E376F}.Release|Any CPU.Build.0 = Release|Any CPU
		{94CEB89E-02CE-4D76-B515-BDDE56FAE6C0}.Debug|Any CPU.ActiveCfg = Debug|Any CPU
		{94CEB89E-02CE-4D76-B515-BDDE56FAE6C0}.Debug|Any CPU.Build.0 = Debug|Any CPU
		{94CEB89E-02CE-4D76-B515-BDDE56FAE6C0}.Release|Any CPU.ActiveCfg = Release|Any CPU
		{94CEB89E-02CE-4D76-B515-BDDE56FAE6C0}.Release|Any CPU.Build.0 = Release|Any CPU
		{19A605F8-3933-441C-9120-B4F4D9E4CE69}.Debug|Any CPU.ActiveCfg = Debug|Any CPU
		{19A605F8-3933-441C-9120-B4F4D9E4CE69}.Debug|Any CPU.Build.0 = Debug|Any CPU
		{19A605F8-3933-441C-9120-B4F4D9E4CE69}.Release|Any CPU.ActiveCfg = Release|Any CPU
		{19A605F8-3933-441C-9120-B4F4D9E4CE69}.Release|Any CPU.Build.0 = Release|Any CPU
		{22FE9FBE-4A29-41A1-8157-F632D7E36047}.Debug|Any CPU.ActiveCfg = Debug|Any CPU
		{22FE9FBE-4A29-41A1-8157-F632D7E36047}.Debug|Any CPU.Build.0 = Debug|Any CPU
		{22FE9FBE-4A29-41A1-8157-F632D7E36047}.Release|Any CPU.ActiveCfg = Release|Any CPU
		{22FE9FBE-4A29-41A1-8157-F632D7E36047}.Release|Any CPU.Build.0 = Release|Any CPU
	EndGlobalSection
	GlobalSection(SolutionProperties) = preSolution
		HideSolutionNode = FALSE
	EndGlobalSection
	GlobalSection(ExtensibilityGlobals) = postSolution
		SolutionGuid = {A31AACB3-D312-49B9-8EF1-D10E9B79B083}
	EndGlobalSection
EndGlobal
